Microsoft Visual Studio Solution File, Format Version 12.00
# Visual Studio Version 17
VisualStudioVersion = 17.5.2.0
MinimumVisualStudioVersion = 10.0.40219.1
Project("{FAE04EC0-301F-11D3-BF4B-00C04F79EFBC}") = "BiketaBai", "BiketaBai.csproj", "{396E79A0-2108-6CD4-A6B5-EE067246FB82}"
EndProject
Global
	GlobalSection(SolutionConfigurationPlatforms) = preSolution
		Debug|Any CPU = Debug|Any CPU
		Release|Any CPU = Release|Any CPU
	EndGlobalSection
	GlobalSection(ProjectConfigurationPlatforms) = postSolution
		{396E79A0-2108-6CD4-A6B5-EE067246FB82}.Debug|Any CPU.ActiveCfg = Debug|Any CPU
		{396E79A0-2108-6CD4-A6B5-EE067246FB82}.Debug|Any CPU.Build.0 = Debug|Any CPU
		{396E79A0-2108-6CD4-A6B5-EE067246FB82}.Release|Any CPU.ActiveCfg = Release|Any CPU
		{396E79A0-2108-6CD4-A6B5-EE067246FB82}.Release|Any CPU.Build.0 = Release|Any CPU
	EndGlobalSection
	GlobalSection(SolutionProperties) = preSolution
		HideSolutionNode = FALSE
	EndGlobalSection
	GlobalSection(ExtensibilityGlobals) = postSolution
		SolutionGuid = {EADAF882-8591-4EAA-9C5B-0CA8540CE10C}
	EndGlobalSection
EndGlobal
